
Microsoft Visual Studio Solution File, Format Version 12.00
# Visual Studio Version 17
VisualStudioVersion = 17.7.34221.43
MinimumVisualStudioVersion = 10.0.40219.1
Project("{9A19103F-16F7-4668-BE54-9A1E7A4F7556}") = "AutoPost.View", "AutoPostView\AutoPost.View.csproj", "{DB753A91-F852-4F96-96E3-DEA1D265B7BE}"
EndProject
Project("{9A19103F-16F7-4668-BE54-9A1E7A4F7556}") = "AutoPost.TwitterConnector", "AutoPost.TwitterConnector\AutoPost.TwitterConnector.csproj", "{272CB307-1B49-4A63-A54D-13F713D13139}"
EndProject
Project("{9A19103F-16F7-4668-BE54-9A1E7A4F7556}") = "AutoPost.TikTokUploader", "AutoPost.TikTokUploader\AutoPost.TikTokUploader.csproj", "{1C32BBCC-77AA-4AB2-98A0-0F12B5C617CE}"
EndProject
Project("{FAE04EC0-301F-11D3-BF4B-00C04F79EFBC}") = "AutoPost.VideoUploader", "AutoPost.VideoUploader\AutoPost.VideoUploader.csproj", "{1F10E70C-68F4-44F8-A2E8-BAC87FA57B7D}"
EndProject
Global
	GlobalSection(SolutionConfigurationPlatforms) = preSolution
		Debug|Any CPU = Debug|Any CPU
		Release|Any CPU = Release|Any CPU
	EndGlobalSection
	GlobalSection(ProjectConfigurationPlatforms) = postSolution
		{DB753A91-F852-4F96-96E3-DEA1D265B7BE}.Debug|Any CPU.ActiveCfg = Debug|Any CPU
		{DB753A91-F852-4F96-96E3-DEA1D265B7BE}.Debug|Any CPU.Build.0 = Debug|Any CPU
		{DB753A91-F852-4F96-96E3-DEA1D265B7BE}.Release|Any CPU.ActiveCfg = Release|Any CPU
		{DB753A91-F852-4F96-96E3-DEA1D265B7BE}.Release|Any CPU.Build.0 = Release|Any CPU
		{272CB307-1B49-4A63-A54D-13F713D13139}.Debug|Any CPU.ActiveCfg = Debug|Any CPU
		{272CB307-1B49-4A63-A54D-13F713D13139}.Debug|Any CPU.Build.0 = Debug|Any CPU
		{272CB307-1B49-4A63-A54D-13F713D13139}.Release|Any CPU.ActiveCfg = Release|Any CPU
		{272CB307-1B49-4A63-A54D-13F713D13139}.Release|Any CPU.Build.0 = Release|Any CPU
		{1C32BBCC-77AA-4AB2-98A0-0F12B5C617CE}.Debug|Any CPU.ActiveCfg = Debug|Any CPU
		{1C32BBCC-77AA-4AB2-98A0-0F12B5C617CE}.Debug|Any CPU.Build.0 = Debug|Any CPU
		{1C32BBCC-77AA-4AB2-98A0-0F12B5C617CE}.Release|Any CPU.ActiveCfg = Release|Any CPU
		{1C32BBCC-77AA-4AB2-98A0-0F12B5C617CE}.Release|Any CPU.Build.0 = Release|Any CPU
		{1F10E70C-68F4-44F8-A2E8-BAC87FA57B7D}.Debug|Any CPU.ActiveCfg = Debug|Any CPU
		{1F10E70C-68F4-44F8-A2E8-BAC87FA57B7D}.Debug|Any CPU.Build.0 = Debug|Any CPU
		{1F10E70C-68F4-44F8-A2E8-BAC87FA57B7D}.Release|Any CPU.ActiveCfg = Release|Any CPU
		{1F10E70C-68F4-44F8-A2E8-BAC87FA57B7D}.Release|Any CPU.Build.0 = Release|Any CPU
	EndGlobalSection
	GlobalSection(SolutionProperties) = preSolution
		HideSolutionNode = FALSE
	EndGlobalSection
	GlobalSection(ExtensibilityGlobals) = postSolution
		SolutionGuid = {D557B8EB-5BCA-4785-957D-3FBCC2564DE2}
	EndGlobalSection
EndGlobal
