
Microsoft Visual Studio Solution File, Format Version 12.00
# Visual Studio Version 17
VisualStudioVersion = 17.7.34221.43
MinimumVisualStudioVersion = 10.0.40219.1
Project("{9A19103F-16F7-4668-BE54-9A1E7A4F7556}") = "AutoPost.TwitterConnector", "AutoPost.TwitterConnector\AutoPost.TwitterConnector.csproj", "{272CB307-1B49-4A63-A54D-13F713D13139}"
EndProject
Project("{9A19103F-16F7-4668-BE54-9A1E7A4F7556}") = "AutoPost.TikTokUploader", "AutoPost.TikTokUploader\AutoPost.TikTokUploader.csproj", "{1C32BBCC-77AA-4AB2-98A0-0F12B5C617CE}"
EndProject
Project("{9A19103F-16F7-4668-BE54-9A1E7A4F7556}") = "AutoPost.Domain", "AutoPost.Domain\AutoPost.Domain.csproj", "{F5BF6486-ED09-448C-8055-17ED77E57710}"
EndProject
Project("{9A19103F-16F7-4668-BE54-9A1E7A4F7556}") = "AutoPost.Infraestructure", "AutoPost.Infraestructure\AutoPost.Infraestructure.csproj", "{14D27E01-8966-472C-BE59-D52A57EA7DF0}"
EndProject
Project("{9A19103F-16F7-4668-BE54-9A1E7A4F7556}") = "AutoPost.Application", "AutoPost.Application\AutoPost.Application.csproj", "{D68E904A-761A-413F-8C53-8D52A2F897B9}"
EndProject
Project("{9A19103F-16F7-4668-BE54-9A1E7A4F7556}") = "AutoPost.Presentation.Desktop", "AutoPost.Presentation.Desktop\AutoPost.Presentation.Desktop.csproj", "{D23A9CF2-887A-42A4-8CED-A8DF194D08AB}"
EndProject
Project("{FAE04EC0-301F-11D3-BF4B-00C04F79EFBC}") = "AutoPost.Presentation.WPF", "AutoPost.Presentation.WPF\AutoPost.Presentation.WPF.csproj", "{2AE81F3D-A6B2-491F-A89A-03DD3BB3DF0D}"
EndProject
Global
	GlobalSection(SolutionConfigurationPlatforms) = preSolution
		Debug|Any CPU = Debug|Any CPU
		Release|Any CPU = Release|Any CPU
	EndGlobalSection
	GlobalSection(ProjectConfigurationPlatforms) = postSolution
		{272CB307-1B49-4A63-A54D-13F713D13139}.Debug|Any CPU.ActiveCfg = Debug|Any CPU
		{272CB307-1B49-4A63-A54D-13F713D13139}.Debug|Any CPU.Build.0 = Debug|Any CPU
		{272CB307-1B49-4A63-A54D-13F713D13139}.Release|Any CPU.ActiveCfg = Release|Any CPU
		{272CB307-1B49-4A63-A54D-13F713D13139}.Release|Any CPU.Build.0 = Release|Any CPU
		{1C32BBCC-77AA-4AB2-98A0-0F12B5C617CE}.Debug|Any CPU.ActiveCfg = Debug|Any CPU
		{1C32BBCC-77AA-4AB2-98A0-0F12B5C617CE}.Debug|Any CPU.Build.0 = Debug|Any CPU
		{1C32BBCC-77AA-4AB2-98A0-0F12B5C617CE}.Release|Any CPU.ActiveCfg = Release|Any CPU
		{1C32BBCC-77AA-4AB2-98A0-0F12B5C617CE}.Release|Any CPU.Build.0 = Release|Any CPU
		{F5BF6486-ED09-448C-8055-17ED77E57710}.Debug|Any CPU.ActiveCfg = Debug|Any CPU
		{F5BF6486-ED09-448C-8055-17ED77E57710}.Debug|Any CPU.Build.0 = Debug|Any CPU
		{F5BF6486-ED09-448C-8055-17ED77E57710}.Release|Any CPU.ActiveCfg = Release|Any CPU
		{F5BF6486-ED09-448C-8055-17ED77E57710}.Release|Any CPU.Build.0 = Release|Any CPU
		{14D27E01-8966-472C-BE59-D52A57EA7DF0}.Debug|Any CPU.ActiveCfg = Debug|Any CPU
		{14D27E01-8966-472C-BE59-D52A57EA7DF0}.Debug|Any CPU.Build.0 = Debug|Any CPU
		{14D27E01-8966-472C-BE59-D52A57EA7DF0}.Release|Any CPU.ActiveCfg = Release|Any CPU
		{14D27E01-8966-472C-BE59-D52A57EA7DF0}.Release|Any CPU.Build.0 = Release|Any CPU
		{D68E904A-761A-413F-8C53-8D52A2F897B9}.Debug|Any CPU.ActiveCfg = Debug|Any CPU
		{D68E904A-761A-413F-8C53-8D52A2F897B9}.Debug|Any CPU.Build.0 = Debug|Any CPU
		{D68E904A-761A-413F-8C53-8D52A2F897B9}.Release|Any CPU.ActiveCfg = Release|Any CPU
		{D68E904A-761A-413F-8C53-8D52A2F897B9}.Release|Any CPU.Build.0 = Release|Any CPU
		{D23A9CF2-887A-42A4-8CED-A8DF194D08AB}.Debug|Any CPU.ActiveCfg = Debug|Any CPU
		{D23A9CF2-887A-42A4-8CED-A8DF194D08AB}.Debug|Any CPU.Build.0 = Debug|Any CPU
		{D23A9CF2-887A-42A4-8CED-A8DF194D08AB}.Release|Any CPU.ActiveCfg = Release|Any CPU
		{D23A9CF2-887A-42A4-8CED-A8DF194D08AB}.Release|Any CPU.Build.0 = Release|Any CPU
		{2AE81F3D-A6B2-491F-A89A-03DD3BB3DF0D}.Debug|Any CPU.ActiveCfg = Debug|Any CPU
		{2AE81F3D-A6B2-491F-A89A-03DD3BB3DF0D}.Debug|Any CPU.Build.0 = Debug|Any CPU
		{2AE81F3D-A6B2-491F-A89A-03DD3BB3DF0D}.Release|Any CPU.ActiveCfg = Release|Any CPU
		{2AE81F3D-A6B2-491F-A89A-03DD3BB3DF0D}.Release|Any CPU.Build.0 = Release|Any CPU
	EndGlobalSection
	GlobalSection(SolutionProperties) = preSolution
		HideSolutionNode = FALSE
	EndGlobalSection
	GlobalSection(ExtensibilityGlobals) = postSolution
		SolutionGuid = {D557B8EB-5BCA-4785-957D-3FBCC2564DE2}
	EndGlobalSection
EndGlobal
